
Microsoft Visual Studio Solution File, Format Version 12.00
# Visual Studio 15
VisualStudioVersion = 15.0.33026.149
MinimumVisualStudioVersion = 10.0.40219.1
Project("{FAE04EC0-301F-11D3-BF4B-00C04F79EFBC}") = "WindowsFormsApp7", "WindowsFormsApp7\WindowsFormsApp7.csproj", "{46A0206F-3386-4974-B0CB-98C0E1D2E7CF}"
EndProject
Global
	GlobalSection(SolutionConfigurationPlatforms) = preSolution
		Debug|Any CPU = Debug|Any CPU
		Release|Any CPU = Release|Any CPU
	EndGlobalSection
	GlobalSection(ProjectConfigurationPlatforms) = postSolution
		{46A0206F-3386-4974-B0CB-98C0E1D2E7CF}.Debug|Any CPU.ActiveCfg = Debug|Any CPU
		{46A0206F-3386-4974-B0CB-98C0E1D2E7CF}.Debug|Any CPU.Build.0 = Debug|Any CPU
		{46A0206F-3386-4974-B0CB-98C0E1D2E7CF}.Release|Any CPU.ActiveCfg = Release|Any CPU
		{46A0206F-3386-4974-B0CB-98C0E1D2E7CF}.Release|Any CPU.Build.0 = Release|Any CPU
	EndGlobalSection
	GlobalSection(SolutionProperties) = preSolution
		HideSolutionNode = FALSE
	EndGlobalSection
	GlobalSection(ExtensibilityGlobals) = postSolution
		SolutionGuid = {0A08C7EB-7C51-4E6A-A436-CDEED5FEF815}
	EndGlobalSection
EndGlobal
